{
  "checksum": "634750454e0af02e2fddb46138ce6480fd63be9bfbc673699fef79d06ffab39a",
  "crates": {
    "bumpalo 3.14.0": {
      "name": "bumpalo",
      "version": "3.14.0",
      "repository": {
        "Http": {
          "url": "https://crates.io/api/v1/crates/bumpalo/3.14.0/download",
          "sha256": "7f30e7476521f6f8af1a1c4c0b8cc94f0bee37d91763d0ca2665f299b6cd8aec"
        }
      },
      "targets": [
        {
          "Library": {
            "crate_name": "bumpalo",
            "crate_root": "src/lib.rs",
            "srcs": [
              "**/*.rs"
            ]
          }
        }
      ],
      "library_target_name": "bumpalo",
      "common_attrs": {
        "compile_data_glob": [
          "**"
        ],
        "crate_features": [
          "default"
        ],
        "edition": "2021",
        "version": "3.14.0"
      },
      "license": "MIT OR Apache-2.0"
    },
    "direct-cargo-bazel-deps 0.0.1": {
      "name": "direct-cargo-bazel-deps",
      "version": "0.0.1",
      "repository": null,
      "targets": [
        {
          "Library": {
            "crate_name": "direct_cargo_bazel_deps",
            "crate_root": ".direct_cargo_bazel_deps.rs",
            "srcs": [
              "**/*.rs"
            ]
          }
        }
      ],
      "library_target_name": "direct_cargo_bazel_deps",
      "common_attrs": {
        "compile_data_glob": [
          "**"
        ],
        "deps": {
          "common": [
            {
              "id": "bumpalo 3.14.0",
              "target": "bumpalo"
            }
          ],
          "selects": {}
        },
        "edition": "2018",
        "version": "0.0.1"
      },
      "license": null
    }
  },
  "binary_crates": [],
  "workspace_members": {
    "direct-cargo-bazel-deps 0.0.1": ""
  },
  "conditions": {}
}
